github.com/onweru/compose v0.0.0-20201006150935-3c1a2b1a5808 h1:6eVMm+cuEWeCodoHVzfjPc1+BOJMvm7boxrsXSMcbBg=
github.com/onweru/compose v0.0.0-20201006150935-3c1a2b1a5808/go.mod h1:tf1kQIBUcwJ/3mRFU5eiMrMvsDScVTK2IEFsZE3hZOc=
github.com/onweru/compose v0.0.0-20201008112336-b33efbb800d7 h1:tAyTSeyByfv2gPaqUrYi0kk0Z9jLTkAz24iSqLsotaA=
github.com/onweru/compose v0.0.0-20201008112336-b33efbb800d7/go.mod h1:tf1kQIBUcwJ/3mRFU5eiMrMvsDScVTK2IEFsZE3hZOc=
github.com/onweru/compose v0.0.0-20201008113335-f8b4b41a58e2 h1:ua3fH27PUIwBdNecKga2AlR7lb8T02G6bFpG0zRVQWo=
github.com/onweru/compose v0.0.0-20201008113335-f8b4b41a58e2/go.mod h1:tf1kQIBUcwJ/3mRFU5eiMrMvsDScVTK2IEFsZE3hZOc=
github.com/onweru/compose v0.0.0-20201008113650-083ed55849e2 h1:CW7Im/HLzVyhSfNekGgHZerjbZxcp+bruuCf6eIvXJs=
github.com/onweru/compose v0.0.0-20201008113650-083ed55849e2/go.mod h1:tf1kQIBUcwJ/3mRFU5eiMrMvsDScVTK2IEFsZE3hZOc=
github.com/onweru/compose v0.0.0-20201008121227-97c178d80698 h1:STvi40vd1rZCTLzB5KaJKuxdm1gefZ+MbMXgy2XA8uQ=
github.com/onweru/compose v0.0.0-20201008121227-97c178d80698/go.mod h1:tf1kQIBUcwJ/3mRFU5eiMrMvsDScVTK2IEFsZE3hZOc=
github.com/onweru/compose v0.0.0-20201008121826-e8247b9bc410 h1:QK0Xxg0z6Oq3ZJKpK+43rbSpe+q/Z5dzBU2N+3UJEB8=
github.com/onweru/compose v0.0.0-20201008121826-e8247b9bc410/go.mod h1:tf1kQIBUcwJ/3mRFU5eiMrMvsDScVTK2IEFsZE3hZOc=
github.com/onweru/compose v0.0.0-20201008122408-49f4d42666f2 h1:ikuDTxJWps7D5f/ZvujVC9e3+VpH2sXgwD0X+GSyAXg=
github.com/onweru/compose v0.0.0-20201008122408-49f4d42666f2/go.mod h1:tf1kQIBUcwJ/3mRFU5eiMrMvsDScVTK2IEFsZE3hZOc=
github.com/onweru/compose v0.0.0-20201010204225-28567dd51bf4 h1:tn4ewCzKNHFBIzZiwk3+CcrW1Ljxt4m+i30zlmRUtIg=
github.com/onweru/compose v0.0.0-20201010204225-28567dd51bf4/go.mod h1:tf1kQIBUcwJ/3mRFU5eiMrMvsDScVTK2IEFsZE3hZOc=
github.com/onweru/compose v0.0.0-20201010205422-fddda669e1c2 h1:XmRzBg/SSGy2QqA1efr2nwWcU0KljTAfpeYjjKyDJMo=
github.com/onweru/compose v0.0.0-20201010205422-fddda669e1c2/go.mod h1:tf1kQIBUcwJ/3mRFU5eiMrMvsDScVTK2IEFsZE3hZOc=
github.com/onweru/compose v0.0.0-20201021163953-71169c94bc96 h1:UudmsVqRvqwhcwYt7JFEIoB6Hu8nRI2seZep1XfQJnM=
github.com/onweru/compose v0.0.0-20201021163953-71169c94bc96/go.mod h1:tf1kQIBUcwJ/3mRFU5eiMrMvsDScVTK2IEFsZE3hZOc=
github.com/onweru/compose v0.0.0-20201021164643-118b7b13ea6c h1:7wdWOVbI+KgTT96tVEjWH4WznWjxOClo24h+ZWQZo8s=
github.com/onweru/compose v0.0.0-20201021164643-118b7b13ea6c/go.mod h1:tf1kQIBUcwJ/3mRFU5eiMrMvsDScVTK2IEFsZE3hZOc=
github.com/onweru/compose v0.0.0-20201021170218-e838974b8f5f h1:2Apua/rWIFkSpKDXIIeOWhD80luwbtbVKTD9dQ5cijk=
github.com/onweru/compose v0.0.0-20201021170218-e838974b8f5f/go.mod h1:tf1kQIBUcwJ/3mRFU5eiMrMvsDScVTK2IEFsZE3hZOc=
github.com/onweru/compose v0.0.0-20201021170551-a59df0abf7f4 h1:14mtXdW9J1v4RQRgxdsl7Enba43dvnXac0e8pQ9LlUE=
github.com/onweru/compose v0.0.0-20201021170551-a59df0abf7f4/go.mod h1:tf1kQIBUcwJ/3mRFU5eiMrMvsDScVTK2IEFsZE3hZOc=
github.com/onweru/compose v0.0.0-20201021170635-a845fa556927 h1:mYMgewPZGN23KJvC2xEr81DMUSUTZXzPesQZkrq7Kkg=
github.com/onweru/compose v0.0.0-20201021170635-a845fa556927/go.mod h1:tf1kQIBUcwJ/3mRFU5eiMrMvsDScVTK2IEFsZE3hZOc=
github.com/onweru/compose v0.0.0-20201021174004-de1a2ca77ca3 h1:wYTFpkXTxIbz/JjM4q6kvQ31x1YtiP7YCXQbCfZGC1w=
github.com/onweru/compose v0.0.0-20201021174004-de1a2ca77ca3/go.mod h1:tf1kQIBUcwJ/3mRFU5eiMrMvsDScVTK2IEFsZE3hZOc=
github.com/onweru/compose v0.0.0-20201021174612-615fff9bf667 h1:Koi+u3FQThlSXUtB9dgt4rTvR62AJsRlpzkpwJuI5I8=
github.com/onweru/compose v0.0.0-20201021174612-615fff9bf667/go.mod h1:tf1kQIBUcwJ/3mRFU5eiMrMvsDScVTK2IEFsZE3hZOc=
github.com/onweru/compose v0.0.0-20201021175035-5e79b0ec418a h1:QQjKgcGuLZinA8JkzGArc3NoUoWa8CA5EwAc/rUF9mo=
github.com/onweru/compose v0.0.0-20201021175035-5e79b0ec418a/go.mod h1:tf1kQIBUcwJ/3mRFU5eiMrMvsDScVTK2IEFsZE3hZOc=
github.com/onweru/compose v0.0.0-20201021175222-4f400c8f8c2b h1:UbmT8hNWHL51jYVFojvoEUdrwI0k84yjsmjMpsmk8Z8=
github.com/onweru/compose v0.0.0-20201021175222-4f400c8f8c2b/go.mod h1:tf1kQIBUcwJ/3mRFU5eiMrMvsDScVTK2IEFsZE3hZOc=
github.com/onweru/compose v0.0.0-20201021175442-c7c21181a551 h1:khRcbAohqeaKiG4y5/hlzqM0fvXCSpCGnu3XARKv/Ns=
github.com/onweru/compose v0.0.0-20201021175442-c7c21181a551/go.mod h1:tf1kQIBUcwJ/3mRFU5eiMrMvsDScVTK2IEFsZE3hZOc=
github.com/onweru/compose v0.0.0-20201021180809-d1d3e930323f h1:XlOqXi6xOSYn9w6sWMnA06DwqbZD/AW88+32TgVA+1M=
github.com/onweru/compose v0.0.0-20201021180809-d1d3e930323f/go.mod h1:tf1kQIBUcwJ/3mRFU5eiMrMvsDScVTK2IEFsZE3hZOc=
github.com/onweru/compose v0.0.0-20201021184128-3450d45ed32b h1:Zju5PRRsMf2O4KdJzQMRYePI/bg/VOe8cIjl0//CqXs=
github.com/onweru/compose v0.0.0-20201021184128-3450d45ed32b/go.mod h1:tf1kQIBUcwJ/3mRFU5eiMrMvsDScVTK2IEFsZE3hZOc=
github.com/onweru/compose v0.0.0-20201021184405-d300d77457a3 h1:80tDm0wfah1LoStXeTZbFArFTWZgg9ajmP2egMT6+3U=
github.com/onweru/compose v0.0.0-20201021184405-d300d77457a3/go.mod h1:tf1kQIBUcwJ/3mRFU5eiMrMvsDScVTK2IEFsZE3hZOc=
github.com/onweru/compose v0.0.0-20201021185628-350f3ec7202a h1:Rj5eRcN8ID7wTWCliy4THUF4ioTbG+QoUIPLTefTaD0=
github.com/onweru/compose v0.0.0-20201021185628-350f3ec7202a/go.mod h1:tf1kQIBUcwJ/3mRFU5eiMrMvsDScVTK2IEFsZE3hZOc=
github.com/onweru/compose v0.0.0-20201021190329-2d2b0989cf82 h1:7gsZF4R9c9a1CZqKGeVtZGV9r5GldENWe9ahtacDHY8=
github.com/onweru/compose v0.0.0-20201021190329-2d2b0989cf82/go.mod h1:tf1kQIBUcwJ/3mRFU5eiMrMvsDScVTK2IEFsZE3hZOc=
github.com/onweru/compose v0.0.0-20201021190919-3b1f666a78a4 h1:WE9MMD/LLRQ1/I/69/gBYaZGvzi9H9310fdsXpgjVCY=
github.com/onweru/compose v0.0.0-20201021190919-3b1f666a78a4/go.mod h1:tf1kQIBUcwJ/3mRFU5eiMrMvsDScVTK2IEFsZE3hZOc=
github.com/onweru/compose v0.0.0-20201021192042-fe5cb067b2b6 h1:ntJT+RYeG8KWS//3N9pyVmeiwS+ptKobmF8Bsz7zFIU=
github.com/onweru/compose v0.0.0-20201021192042-fe5cb067b2b6/go.mod h1:tf1kQIBUcwJ/3mRFU5eiMrMvsDScVTK2IEFsZE3hZOc=
github.com/onweru/compose v0.0.0-20201021192330-521ff6fab570 h1:JJap8i6nvOVwgsZ8UlwELWsnBd0G0LvQVAup33Z90vA=
github.com/onweru/compose v0.0.0-20201021192330-521ff6fab570/go.mod h1:tf1kQIBUcwJ/3mRFU5eiMrMvsDScVTK2IEFsZE3hZOc=
github.com/onweru/compose v0.0.0-20201021192750-dd14b1b097ea h1:Yu4YIQPhd7J7zw29TVO3df3rJhGaXchpkHlEqUs3XGc=
github.com/onweru/compose v0.0.0-20201021192750-dd14b1b097ea/go.mod h1:tf1kQIBUcwJ/3mRFU5eiMrMvsDScVTK2IEFsZE3hZOc=
github.com/onweru/compose v0.0.0-20201021192900-ce1ce5689a67 h1:s00e1YRzRP3XKVhKZtSQ+AUd0TazN95CDSeyTG8Ouvw=
github.com/onweru/compose v0.0.0-20201021192900-ce1ce5689a67/go.mod h1:tf1kQIBUcwJ/3mRFU5eiMrMvsDScVTK2IEFsZE3hZOc=
github.com/onweru/compose v0.0.0-20201021193621-4f96ac1770ee h1:zECIIhinVWjQCAiOHqcafqZ48x8xgbshxEoNEwOqsQI=
github.com/onweru/compose v0.0.0-20201021193621-4f96ac1770ee/go.mod h1:tf1kQIBUcwJ/3mRFU5eiMrMvsDScVTK2IEFsZE3hZOc=
github.com/onweru/compose v0.0.0-20201021194001-a164d9aee922 h1:+88k9pKVVWjIGOOnHYW/zV5GOCxK6KjoNjH57gv3Jdo=
github.com/onweru/compose v0.0.0-20201021194001-a164d9aee922/go.mod h1:tf1kQIBUcwJ/3mRFU5eiMrMvsDScVTK2IEFsZE3hZOc=
github.com/onweru/compose v0.0.0-20201021194540-0f02f8b33641 h1:UzS+AVt8+OxOA3ISizsX39/c8ZGUU3gcsLcZfnR4JUU=
github.com/onweru/compose v0.0.0-20201021194540-0f02f8b33641/go.mod h1:tf1kQIBUcwJ/3mRFU5eiMrMvsDScVTK2IEFsZE3hZOc=
github.com/onweru/compose v0.0.0-20201114044806-342ee8535ae0 h1:HJ10u43C73zqNH8JjgJQS+6Zdg0Juta0Lo3e2eRBucY=
github.com/onweru/compose v0.0.0-20201114044806-342ee8535ae0/go.mod h1:tf1kQIBUcwJ/3mRFU5eiMrMvsDScVTK2IEFsZE3hZOc=
github.com/onweru/compose v0.0.0-20201127133714-261bcbad9b00 h1:3BuVhKh+gUq9fXurWkK4rmDRb3ldjb+Maz2GizMtCTo=
github.com/onweru/compose v0.0.0-20201127133714-261bcbad9b00/go.mod h1:tf1kQIBUcwJ/3mRFU5eiMrMvsDScVTK2IEFsZE3hZOc=
github.com/onweru/compose v0.0.0-20201128092456-b8ba681c96c3 h1:AJTiUrOlC9AyXE7+Xhbl4nhbKtoPA4DBGdOtzEEGFoI=
github.com/onweru/compose v0.0.0-20201128092456-b8ba681c96c3/go.mod h1:tf1kQIBUcwJ/3mRFU5eiMrMvsDScVTK2IEFsZE3hZOc=
github.com/onweru/compose v0.0.0-20201128124950-c8a10c8b9880 h1:+xMedjRVSuRwEZ23vtWy2ksMI0+0Wvrqq6CTNPEpuuQ=
github.com/onweru/compose v0.0.0-20201128124950-c8a10c8b9880/go.mod h1:tf1kQIBUcwJ/3mRFU5eiMrMvsDScVTK2IEFsZE3hZOc=
github.com/onweru/compose v0.0.0-20201129132514-211b9ea9e0a7 h1:uAi0vLn5Mcu6HdnBNNUfrOyRh73kQKjhLy5KUMGtf6c=
github.com/onweru/compose v0.0.0-20201129132514-211b9ea9e0a7/go.mod h1:tf1kQIBUcwJ/3mRFU5eiMrMvsDScVTK2IEFsZE3hZOc=
github.com/onweru/compose v0.0.0-20201130180534-fa4914e7415f h1:hL5XAMrWe+tus29HXJr8JTMP7L6SuxUgMH0SlDN4hSM=
github.com/onweru/compose v0.0.0-20201130180534-fa4914e7415f/go.mod h1:tf1kQIBUcwJ/3mRFU5eiMrMvsDScVTK2IEFsZE3hZOc=
github.com/onweru/compose v0.0.0-20201203162259-4492ef546c57 h1:R9xda/9fOt1eQdOMNS1mRwot2R40XJC+y4HaYT9cjR4=
github.com/onweru/compose v0.0.0-20201203162259-4492ef546c57/go.mod h1:tf1kQIBUcwJ/3mRFU5eiMrMvsDScVTK2IEFsZE3hZOc=
github.com/onweru/compose v0.0.0-20201206171046-1626fddc1ec8 h1:XkVCTal507IBN8zsqfqBaYSzGNj9XQq2xUIfp3E2DN0=
github.com/onweru/compose v0.0.0-20201206171046-1626fddc1ec8/go.mod h1:tf1kQIBUcwJ/3mRFU5eiMrMvsDScVTK2IEFsZE3hZOc=
github.com/onweru/compose v0.0.0-20201207131744-b7cf066d1831 h1:gtIq7ZklXBWAc5TzrA3DYIpR3oSaRAJmxx+wcPwVCN0=
github.com/onweru/compose v0.0.0-20201207131744-b7cf066d1831/go.mod h1:tf1kQIBUcwJ/3mRFU5eiMrMvsDScVTK2IEFsZE3hZOc=
github.com/onweru/compose v0.0.0-20201208143540-546849cecc5f h1:kvYndPERAdccKgLGkTNWhoFo/AHid7xNeUQf66hnixM=
github.com/onweru/compose v0.0.0-20201208143540-546849cecc5f/go.mod h1:tf1kQIBUcwJ/3mRFU5eiMrMvsDScVTK2IEFsZE3hZOc=
