github.com/onweru/compose v0.0.0-20230709163331-af3e133abf10 h1:6+OU3YpznL1bAy1s4B9KhEteRN+qo5T9vgYTWuGHpLw=
github.com/onweru/compose v0.0.0-20230709163331-af3e133abf10/go.mod h1:tf1kQIBUcwJ/3mRFU5eiMrMvsDScVTK2IEFsZE3hZOc=
github.com/onweru/compose v0.0.0-20230709170553-cdf6b3d268e3 h1:LQ9aw508QrowSWfr8m7Q43AelhGTaNhX+obnkCWefKg=
github.com/onweru/compose v0.0.0-20230709170553-cdf6b3d268e3/go.mod h1:tf1kQIBUcwJ/3mRFU5eiMrMvsDScVTK2IEFsZE3hZOc=
