github.com/onweru/compose v0.0.0-20230709163331-af3e133abf10 h1:6+OU3YpznL1bAy1s4B9KhEteRN+qo5T9vgYTWuGHpLw=
github.com/onweru/compose v0.0.0-20230709163331-af3e133abf10/go.mod h1:tf1kQIBUcwJ/3mRFU5eiMrMvsDScVTK2IEFsZE3hZOc=
github.com/onweru/compose v0.0.0-20230709170553-cdf6b3d268e3 h1:LQ9aw508QrowSWfr8m7Q43AelhGTaNhX+obnkCWefKg=
github.com/onweru/compose v0.0.0-20230709170553-cdf6b3d268e3/go.mod h1:tf1kQIBUcwJ/3mRFU5eiMrMvsDScVTK2IEFsZE3hZOc=
github.com/onweru/compose v0.0.0-20230717085020-14357bb3e167 h1:btK2EwB8mRaebaNkvzsEjnxQt6dI9corw9n5kyPQoMk=
github.com/onweru/compose v0.0.0-20230717085020-14357bb3e167/go.mod h1:tf1kQIBUcwJ/3mRFU5eiMrMvsDScVTK2IEFsZE3hZOc=
github.com/onweru/compose v0.0.0-20230729163245-27b84dc22eb8 h1:aVItqjRfGwyOZHloHxVY6kEjjR+e8AQVXlpWiQtO0dw=
github.com/onweru/compose v0.0.0-20230729163245-27b84dc22eb8/go.mod h1:tf1kQIBUcwJ/3mRFU5eiMrMvsDScVTK2IEFsZE3hZOc=
github.com/onweru/compose v0.0.0-20230730204557-43a58bce3d5a h1:o/x7EfZKZquisgw30cKagraXVccTNydxPGQYV9LadZY=
github.com/onweru/compose v0.0.0-20230730204557-43a58bce3d5a/go.mod h1:tf1kQIBUcwJ/3mRFU5eiMrMvsDScVTK2IEFsZE3hZOc=
github.com/onweru/compose v0.0.0-20230730204838-eb9964865cd0 h1:xIK8kxui2ulVqJRO9tjbGuhNPxr1QlmmnswX8Tcs+Js=
github.com/onweru/compose v0.0.0-20230730204838-eb9964865cd0/go.mod h1:tf1kQIBUcwJ/3mRFU5eiMrMvsDScVTK2IEFsZE3hZOc=
github.com/onweru/compose v0.0.0-20230817095514-20a7d0ddbfcb h1:azper7pbfQ92zfd8rV7HBjhF8AsZbZmGqxFqqTYEef8=
github.com/onweru/compose v0.0.0-20230817095514-20a7d0ddbfcb/go.mod h1:tf1kQIBUcwJ/3mRFU5eiMrMvsDScVTK2IEFsZE3hZOc=
github.com/onweru/compose v0.0.0-20230823103345-61fa78130dec h1:8iFU5Cf76/ww5+gLyyRrI7dpJpcKmnpBXtraIIq4AT0=
github.com/onweru/compose v0.0.0-20230823103345-61fa78130dec/go.mod h1:2eSBLsKzvKf3r4/vHiKdakIBqDtWACDAqAD7tRdt00o=
github.com/onweru/compose v0.0.0-20240111174942-cdf2ef5f4da1 h1:evqwOllx6XwfmYG2NKGFmfloNQXazxOCPir914Myjpk=
github.com/onweru/compose v0.0.0-20240111174942-cdf2ef5f4da1/go.mod h1:2eSBLsKzvKf3r4/vHiKdakIBqDtWACDAqAD7tRdt00o=
github.com/onweru/compose v0.0.0-20240111175353-5392252575a2 h1:jqoBc1FPDJNxRrrieLlRvyKCumTLa5XkehgXz3yBdvE=
github.com/onweru/compose v0.0.0-20240111175353-5392252575a2/go.mod h1:2eSBLsKzvKf3r4/vHiKdakIBqDtWACDAqAD7tRdt00o=
github.com/onweru/compose v0.0.0-20240111181611-61cf3194699c h1:4SSQgoXXBQS9iZ5IQIGLxXOExaeODx5Hg0+fDzcsLB0=
github.com/onweru/compose v0.0.0-20240111181611-61cf3194699c/go.mod h1:2eSBLsKzvKf3r4/vHiKdakIBqDtWACDAqAD7tRdt00o=
github.com/onweru/compose v0.0.0-20240113175534-20909d29d9a8 h1:g9eo2danSDAQ8wD/HDLWqFt7s01YaAGAVJZhN4ODBs8=
github.com/onweru/compose v0.0.0-20240113175534-20909d29d9a8/go.mod h1:2eSBLsKzvKf3r4/vHiKdakIBqDtWACDAqAD7tRdt00o=
github.com/onweru/compose v0.0.0-20240114134437-91252edd0478 h1:n5wqTvZ1RLOHHwJoHal5WmhSF/gqhxaDr/w1+wW9Dsw=
github.com/onweru/compose v0.0.0-20240114134437-91252edd0478/go.mod h1:2eSBLsKzvKf3r4/vHiKdakIBqDtWACDAqAD7tRdt00o=
github.com/onweru/compose v0.0.0-20240114135539-a7a9df6d34b9 h1:pRRosz/W2ZKxruZ5fTYxN+BAFIybNg+V8IhGMVdZfbE=
github.com/onweru/compose v0.0.0-20240114135539-a7a9df6d34b9/go.mod h1:2eSBLsKzvKf3r4/vHiKdakIBqDtWACDAqAD7tRdt00o=
github.com/onweru/compose v0.0.0-20240711165024-0ea6ac76134e h1:ljas9s4I9bPPkSEkk7CXkDitWxrHUmIlrfLmojpHCcI=
github.com/onweru/compose v0.0.0-20240711165024-0ea6ac76134e/go.mod h1:2eSBLsKzvKf3r4/vHiKdakIBqDtWACDAqAD7tRdt00o=
github.com/onweru/compose v0.0.0-20250123191723-478f5b77f140 h1:/TtnPfRGcs/vxLf1nCrkQ1XE8qqKh4DTdE2kBxDx83U=
github.com/onweru/compose v0.0.0-20250123191723-478f5b77f140/go.mod h1:2eSBLsKzvKf3r4/vHiKdakIBqDtWACDAqAD7tRdt00o=
